
Microsoft Visual Studio Solution File, Format Version 12.00
# Visual Studio Version 17
VisualStudioVersion = 17.7.34003.232
MinimumVisualStudioVersion = 10.0.40219.1
Project("{FAE04EC0-301F-11D3-BF4B-00C04F79EFBC}") = "web-API", "web-API\web-API.csproj", "{27F99506-FF6C-4ECC-BBB7-A199286218B3}"
EndProject
Global
	GlobalSection(SolutionConfigurationPlatforms) = preSolution
		Debug|Any CPU = Debug|Any CPU
		Release|Any CPU = Release|Any CPU
	EndGlobalSection
	GlobalSection(ProjectConfigurationPlatforms) = postSolution
		{27F99506-FF6C-4ECC-BBB7-A199286218B3}.Debug|Any CPU.ActiveCfg = Debug|Any CPU
		{27F99506-FF6C-4ECC-BBB7-A199286218B3}.Debug|Any CPU.Build.0 = Debug|Any CPU
		{27F99506-FF6C-4ECC-BBB7-A199286218B3}.Release|Any CPU.ActiveCfg = Release|Any CPU
		{27F99506-FF6C-4ECC-BBB7-A199286218B3}.Release|Any CPU.Build.0 = Release|Any CPU
	EndGlobalSection
	GlobalSection(SolutionProperties) = preSolution
		HideSolutionNode = FALSE
	EndGlobalSection
	GlobalSection(ExtensibilityGlobals) = postSolution
		SolutionGuid = {179AF003-A080-4BFD-8DF3-DC65DB458681}
	EndGlobalSection
EndGlobal
